
Microsoft Visual Studio Solution File, Format Version 12.00
# Visual Studio Version 17
VisualStudioVersion = 17.8.34525.116
MinimumVisualStudioVersion = 10.0.40219.1
Project("{FAE04EC0-301F-11D3-BF4B-00C04F79EFBC}") = "PaintShopManagement", "PaintShopManagement.csproj", "{7F5907ED-108B-4950-B28D-688A4FE7F17A}"
EndProject
Global
	GlobalSection(SolutionConfigurationPlatforms) = preSolution
		Debug|Any CPU = Debug|Any CPU
		Release|Any CPU = Release|Any CPU
	EndGlobalSection
	GlobalSection(ProjectConfigurationPlatforms) = postSolution
		{7F5907ED-108B-4950-B28D-688A4FE7F17A}.Debug|Any CPU.ActiveCfg = Debug|Any CPU
		{7F5907ED-108B-4950-B28D-688A4FE7F17A}.Debug|Any CPU.Build.0 = Debug|Any CPU
		{7F5907ED-108B-4950-B28D-688A4FE7F17A}.Release|Any CPU.ActiveCfg = Release|Any CPU
		{7F5907ED-108B-4950-B28D-688A4FE7F17A}.Release|Any CPU.Build.0 = Release|Any CPU
	EndGlobalSection
	GlobalSection(SolutionProperties) = preSolution
		HideSolutionNode = FALSE
	EndGlobalSection
	GlobalSection(ExtensibilityGlobals) = postSolution
		SolutionGuid = {22B21EB4-367D-4260-AE84-6AB6E635C750}
	EndGlobalSection
EndGlobal
